
Microsoft Visual Studio Solution File, Format Version 12.00
# Visual Studio Version 17
VisualStudioVersion = 17.9.34723.18
MinimumVisualStudioVersion = 10.0.40219.1
Project("{FAE04EC0-301F-11D3-BF4B-00C04F79EFBC}") = "Library's Lending Administration", "Library's Lending Administration.csproj", "{C39C3AE8-FFD7-478B-8F52-D50BE29E6CF0}"
EndProject
Global
	GlobalSection(SolutionConfigurationPlatforms) = preSolution
		Debug|Any CPU = Debug|Any CPU
		Release|Any CPU = Release|Any CPU
	EndGlobalSection
	GlobalSection(ProjectConfigurationPlatforms) = postSolution
		{C39C3AE8-FFD7-478B-8F52-D50BE29E6CF0}.Debug|Any CPU.ActiveCfg = Debug|Any CPU
		{C39C3AE8-FFD7-478B-8F52-D50BE29E6CF0}.Debug|Any CPU.Build.0 = Debug|Any CPU
		{C39C3AE8-FFD7-478B-8F52-D50BE29E6CF0}.Release|Any CPU.ActiveCfg = Release|Any CPU
		{C39C3AE8-FFD7-478B-8F52-D50BE29E6CF0}.Release|Any CPU.Build.0 = Release|Any CPU
	EndGlobalSection
	GlobalSection(SolutionProperties) = preSolution
		HideSolutionNode = FALSE
	EndGlobalSection
	GlobalSection(ExtensibilityGlobals) = postSolution
		SolutionGuid = {D18BEF42-657F-4E99-968D-719F31D8E3ED}
	EndGlobalSection
EndGlobal
